
Microsoft Visual Studio Solution File, Format Version 12.00
# Visual Studio 15
VisualStudioVersion = 15.0.28307.779
MinimumVisualStudioVersion = 10.0.40219.1
Project("{8BC9CEB8-8B4A-11D0-8D11-00A0C91BC942}") = "WindowsProject1", "WindowsProject1\WindowsProject1.vcxproj", "{05D353E8-4BBB-4F5B-8694-3690EBDE047E}"
EndProject
Global
	GlobalSection(SolutionConfigurationPlatforms) = preSolution
		Debug|x64 = Debug|x64
		Debug|x86 = Debug|x86
		Release|x64 = Release|x64
		Release|x86 = Release|x86
	EndGlobalSection
	GlobalSection(ProjectConfigurationPlatforms) = postSolution
		{05D353E8-4BBB-4F5B-8694-3690EBDE047E}.Debug|x64.ActiveCfg = Debug|x64
		{05D353E8-4BBB-4F5B-8694-3690EBDE047E}.Debug|x64.Build.0 = Debug|x64
		{05D353E8-4BBB-4F5B-8694-3690EBDE047E}.Debug|x86.ActiveCfg = Debug|Win32
		{05D353E8-4BBB-4F5B-8694-3690EBDE047E}.Debug|x86.Build.0 = Debug|Win32
		{05D353E8-4BBB-4F5B-8694-3690EBDE047E}.Release|x64.ActiveCfg = Release|x64
		{05D353E8-4BBB-4F5B-8694-3690EBDE047E}.Release|x64.Build.0 = Release|x64
		{05D353E8-4BBB-4F5B-8694-3690EBDE047E}.Release|x86.ActiveCfg = Release|Win32
		{05D353E8-4BBB-4F5B-8694-3690EBDE047E}.Release|x86.Build.0 = Release|Win32
	EndGlobalSection
	GlobalSection(SolutionProperties) = preSolution
		HideSolutionNode = FALSE
	EndGlobalSection
	GlobalSection(ExtensibilityGlobals) = postSolution
		SolutionGuid = {D1AC16EA-1C2E-40B7-BE22-953884C95688}
	EndGlobalSection
EndGlobal
